
Microsoft Visual Studio Solution File, Format Version 12.00
# Visual Studio 2013
VisualStudioVersion = 12.0.31101.0
MinimumVisualStudioVersion = 10.0.40219.1
Project("{FAE04EC0-301F-11D3-BF4B-00C04F79EFBC}") = "urgDLLcs", "urgDLLcs\urgDLLcs.csproj", "{4550486C-072C-4D17-9FA4-6A6CF6CA9125}"
EndProject
Project("{FAE04EC0-301F-11D3-BF4B-00C04F79EFBC}") = "SCIP_library", "SCIP_library\SCIP_library.csproj", "{C6A48DB4-E53F-4615-AEBF-6B2100B6F9FF}"
EndProject
Global
	GlobalSection(SolutionConfigurationPlatforms) = preSolution
		Debug|Any CPU = Debug|Any CPU
		Release|Any CPU = Release|Any CPU
	EndGlobalSection
	GlobalSection(ProjectConfigurationPlatforms) = postSolution
		{4550486C-072C-4D17-9FA4-6A6CF6CA9125}.Debug|Any CPU.ActiveCfg = Debug|Any CPU
		{4550486C-072C-4D17-9FA4-6A6CF6CA9125}.Debug|Any CPU.Build.0 = Debug|Any CPU
		{4550486C-072C-4D17-9FA4-6A6CF6CA9125}.Release|Any CPU.ActiveCfg = Release|Any CPU
		{4550486C-072C-4D17-9FA4-6A6CF6CA9125}.Release|Any CPU.Build.0 = Release|Any CPU
		{C6A48DB4-E53F-4615-AEBF-6B2100B6F9FF}.Debug|Any CPU.ActiveCfg = Debug|Any CPU
		{C6A48DB4-E53F-4615-AEBF-6B2100B6F9FF}.Debug|Any CPU.Build.0 = Debug|Any CPU
		{C6A48DB4-E53F-4615-AEBF-6B2100B6F9FF}.Release|Any CPU.ActiveCfg = Release|Any CPU
		{C6A48DB4-E53F-4615-AEBF-6B2100B6F9FF}.Release|Any CPU.Build.0 = Release|Any CPU
	EndGlobalSection
	GlobalSection(SolutionProperties) = preSolution
		HideSolutionNode = FALSE
	EndGlobalSection
EndGlobal
